{
  "requires": true,
  "lockfileVersion": 1,
  "dependencies": {
    "markdown-it-texmath": {
      "version": "0.6.0",
      "resolved": "https://registry.npmjs.org/markdown-it-texmath/-/markdown-it-texmath-0.6.0.tgz",
      "integrity": "sha512-rX2XY+P9own8HPcNIeaFG7mqaeJJ/puKYy6ALz1S2FkkXER0PlY2GR5Ymfk79qN1M1JAzdg81vyaTviuRsgrVA=="
    }
  }
}
